<?xml version="1.0" encoding="utf-8"?>
<Project ToolsVersion="4.0" xmlns="http://schemas.microsoft.com/developer/msbuild/2003">
  <ItemGroup>
    <Filter Include="Source Files">
      <UniqueIdentifier>{4FC737F1-C7A5-4376-A066-2A32D752A2FF}</UniqueIdentifier>
      <Extensions>cpp;cxx;c;def</Extensions>
    </Filter>
    <Filter Include="Header Files">
      <UniqueIdentifier>{93995380-89BD-4b04-88EB-625FBE52EBFB}</UniqueIdentifier>
      <Extensions>h</Extensions>
    </Filter>
    <Filter Include="Form Files">
      <UniqueIdentifier>{99349809-55BA-4b9d-BF79-8FDBB0286EB3}</UniqueIdentifier>
      <Extensions>ui</Extensions>
    </Filter>
    <Filter Include="Resource Files">
      <UniqueIdentifier>{D9D6E242-F8AF-46E4-B9FD-80ECBC20BA3E}</UniqueIdentifier>
      <Extensions>qrc;*</Extensions>
      <ParseFiles>false</ParseFiles>
    </Filter>
    <Filter Include="Generated Files">
      <UniqueIdentifier>{71ED8ED8-ACB9-4CE9-BBE1-E00B30144E11}</UniqueIdentifier>
      <Extensions>moc;h;cpp</Extensions>
      <SourceControlFiles>False</SourceControlFiles>
    </Filter>
    <Filter Include="Generated Files\Debug">
      <UniqueIdentifier>{45c65561-84ca-40b9-9830-0ee551671bd2}</UniqueIdentifier>
      <Extensions>cpp;moc</Extensions>
      <SourceControlFiles>False</SourceControlFiles>
    </Filter>
    <Filter Include="Generated Files\Release">
      <UniqueIdentifier>{796f3a0e-b1f4-4642-9e2b-26c75531c2d1}</UniqueIdentifier>
      <Extensions>cpp;moc</Extensions>
      <SourceControlFiles>False</SourceControlFiles>
    </Filter>
    <Filter Include="Header Files\Exceldriver">
      <UniqueIdentifier>{ec2aa362-4fc9-46b0-949c-d6ae39fb801b}</UniqueIdentifier>
    </Filter>
    <Filter Include="Source Files\Exceldriver">
      <UniqueIdentifier>{ef502d39-9eaa-42e2-bc2b-9daa7b759cf1}</UniqueIdentifier>
    </Filter>
    <Filter Include="Header Files\Core">
      <UniqueIdentifier>{055106f9-2aff-48c2-b111-176dd4324007}</UniqueIdentifier>
    </Filter>
    <Filter Include="Source Files\Core">
      <UniqueIdentifier>{bdca8b5a-df2a-4bbe-8a56-c05c2926716c}</UniqueIdentifier>
    </Filter>
  </ItemGroup>
  <ItemGroup>
    <ClCompile Include="main.cpp">
      <Filter>Source Files</Filter>
    </ClCompile>
    <ClCompile Include="GeneratedFiles\qrc_myclass.cpp">
      <Filter>Generated Files</Filter>
    </ClCompile>
    <ClCompile Include="GeneratedFiles\Debug\moc_mywindow.cpp">
      <Filter>Generated Files\Debug</Filter>
    </ClCompile>
    <ClCompile Include="GeneratedFiles\Release\moc_mywindow.cpp">
      <Filter>Generated Files\Release</Filter>
    </ClCompile>
    <ClCompile Include="mywindow.cpp">
      <Filter>Source Files</Filter>
    </ClCompile>
    <ClCompile Include="ExceptionClasses\DatasimException.cpp">
      <Filter>Source Files\Exceldriver</Filter>
    </ClCompile>
    <ClCompile Include="ExcelDriver.cpp">
      <Filter>Source Files\Exceldriver</Filter>
    </ClCompile>
    <ClCompile Include="ExcelImports.cpp">
      <Filter>Source Files\Exceldriver</Filter>
    </ClCompile>
    <ClCompile Include="ExcelMechanisms.cpp">
      <Filter>Source Files\Exceldriver</Filter>
    </ClCompile>
    <ClCompile Include="stdafx.cpp">
      <Filter>Source Files\Exceldriver</Filter>
    </ClCompile>
    <ClCompile Include="BitsAndPieces\StringConversions.cpp">
      <Filter>Source Files\Exceldriver</Filter>
    </ClCompile>
    <ClCompile Include="stock_result.cpp">
      <Filter>Source Files\Core</Filter>
    </ClCompile>
    <ClCompile Include="Matrix.cpp">
      <Filter>Source Files\Core</Filter>
    </ClCompile>
  </ItemGroup>
  <ItemGroup>
    <CustomBuild Include="myclass.ui">
      <Filter>Form Files</Filter>
    </CustomBuild>
    <CustomBuild Include="myclass.qrc">
      <Filter>Resource Files</Filter>
    </CustomBuild>
    <CustomBuild Include="mywindow.h">
      <Filter>Header Files</Filter>
    </CustomBuild>
  </ItemGroup>
  <ItemGroup>
    <ClInclude Include="GeneratedFiles\ui_myclass.h">
      <Filter>Generated Files</Filter>
    </ClInclude>
    <ClInclude Include="ChartStructure.hpp">
      <Filter>Header Files\Exceldriver</Filter>
    </ClInclude>
    <ClInclude Include="ExcelDriver.hpp">
      <Filter>Header Files\Exceldriver</Filter>
    </ClInclude>
    <ClInclude Include="ExcelMechanisms.hpp">
      <Filter>Header Files\Exceldriver</Filter>
    </ClInclude>
    <ClInclude Include="stdafx.h">
      <Filter>Header Files\Exceldriver</Filter>
    </ClInclude>
    <ClInclude Include="targetver.h">
      <Filter>Header Files\Exceldriver</Filter>
    </ClInclude>
    <ClInclude Include="display_excel.h">
      <Filter>Header Files\Core</Filter>
    </ClInclude>
    <ClInclude Include="get_all_data.h">
      <Filter>Header Files\Core</Filter>
    </ClInclude>
    <ClInclude Include="Matrix.h">
      <Filter>Header Files\Core</Filter>
    </ClInclude>
    <ClInclude Include="stock_result.h">
      <Filter>Header Files\Core</Filter>
    </ClInclude>
    <ClInclude Include="writedata.h">
      <Filter>Header Files\Core</Filter>
    </ClInclude>
    <ClInclude Include="libcurl_getdata.h">
      <Filter>Header Files\Core</Filter>
    </ClInclude>
  </ItemGroup>
</Project>